{
  "version": 4,
  "terraform_version": "1.13.3",
  "serial": 108,
  "lineage": "8254b095-76dd-2b54-7a90-eddb683ff8d1",
  "outputs": {},
  "resources": [
    {
      "mode": "managed",
      "type": "aws_bedrockagent_agent",
      "name": "eligability_agent",
      "provider": "provider[\"registry.terraform.io/hashicorp/aws\"]",
      "instances": [
        {
          "schema_version": 0,
          "attributes": {
            "agent_arn": "arn:aws:bedrock:eu-west-2:261219435789:agent/WR6OABW4QY",
            "agent_collaboration": "DISABLED",
            "agent_id": "WR6OABW4QY",
            "agent_name": "gds_eligability_terraform_sandbox_eligability_agent",
            "agent_resource_role_arn": "arn:aws:iam::261219435789:role/bedrock-agent-role",
            "agent_version": null,
            "customer_encryption_key_arn": null,
            "description": null,
            "foundation_model": "amazon.nova-lite-v1:0",
            "guardrail_configuration": null,
            "id": "WR6OABW4QY",
            "idle_session_ttl_in_seconds": 600,
            "instruction": "You are a helpful assistant. Who's a good assistant? You are! Yes, you are, yes you are",
            "memory_configuration": null,
            "prepare_agent": true,
            "prepared_at": "2025-10-27T09:38:14Z",
            "prompt_override_configuration": [
              {
                "override_lambda": null,
                "prompt_configurations": null
              }
            ],
            "region": "eu-west-2",
            "skip_resource_in_use_check": false,
            "tags": null,
            "tags_all": {},
            "timeouts": null
          },
          "sensitive_attributes": [],
          "identity_schema_version": 0,
          "dependencies": [
            "aws_iam_role.bedrock_agent_role"
          ]
        }
      ]
    },
    {
      "mode": "managed",
      "type": "aws_bedrockagent_agent_alias",
      "name": "eligability_alias_for_prompts",
      "provider": "provider[\"registry.terraform.io/hashicorp/aws\"]",
      "instances": [
        {
          "schema_version": 0,
          "attributes": {
            "agent_alias_arn": "arn:aws:bedrock:eu-west-2:261219435789:agent-alias/WR6OABW4QY/U7JVIVXTJC",
            "agent_alias_id": "U7JVIVXTJC",
            "agent_alias_name": "eligability-alias-for-prompts",
            "agent_id": "WR6OABW4QY",
            "description": "Alias to allow linkage between eligability agent and prompts",
            "id": "U7JVIVXTJC,WR6OABW4QY",
            "region": "eu-west-2",
            "routing_configuration": [
              {
                "agent_version": "1",
                "provisioned_throughput": null
              }
            ],
            "tags": null,
            "tags_all": {},
            "timeouts": null
          },
          "sensitive_attributes": [],
          "identity_schema_version": 0,
          "dependencies": [
            "aws_bedrockagent_agent.eligability_agent",
            "aws_iam_role.bedrock_agent_role"
          ]
        }
      ]
    },
    {
      "mode": "managed",
      "type": "aws_bedrockagent_flow",
      "name": "triage",
      "provider": "provider[\"registry.terraform.io/hashicorp/aws\"]",
      "instances": [
        {
          "schema_version": 0,
          "attributes": {
            "arn": "arn:aws:bedrock:eu-west-2:261219435789:flow/BT4C6KZRP7",
            "created_at": "2025-10-21T15:11:01Z",
            "customer_encryption_key_arn": null,
            "definition": [
              {
                "connection": [
                  {
                    "configuration": [
                      {
                        "conditional": [],
                        "data": [
                          {
                            "source_output": "document",
                            "target_input": "agentInputText"
                          }
                        ]
                      }
                    ],
                    "name": "FlowInputNodeFlowInputNode0ToAgent_1PromptsNode0",
                    "source": "FlowInputNode",
                    "target": "Agent_1",
                    "type": "Data"
                  },
                  {
                    "configuration": [
                      {
                        "conditional": [],
                        "data": [
                          {
                            "source_output": "document",
                            "target_input": "codeHookInput"
                          }
                        ]
                      }
                    ],
                    "name": "FlowInputNodeToRecallForUsercodeHookInput",
                    "source": "FlowInputNode",
                    "target": "RecallForUser",
                    "type": "Data"
                  },
                  {
                    "configuration": [
                      {
                        "conditional": [],
                        "data": [
                          {
                            "source_output": "functionResponse",
                            "target_input": "sessionAttributes"
                          }
                        ]
                      }
                    ],
                    "name": "RecallForUserToAgent_1SessionAttributes",
                    "source": "RecallForUser",
                    "target": "Agent_1",
                    "type": "Data"
                  },
                  {
                    "configuration": [
                      {
                        "conditional": [],
                        "data": [
                          {
                            "source_output": "agentResponse",
                            "target_input": "content"
                          }
                        ]
                      }
                    ],
                    "name": "Agent_1agentResponseToStoreDialoguecontent",
                    "source": "Agent_1",
                    "target": "StoreDialogue",
                    "type": "Data"
                  },
                  {
                    "configuration": [
                      {
                        "conditional": [],
                        "data": [
                          {
                            "source_output": "functionResponse",
                            "target_input": "objectKey"
                          }
                        ]
                      }
                    ],
                    "name": "RecallForUserfunctionReponseToStoreDialogueobjectKey",
                    "source": "RecallForUser",
                    "target": "StoreDialogue",
                    "type": "Data"
                  },
                  {
                    "configuration": [
                      {
                        "conditional": [],
                        "data": [
                          {
                            "source_output": "agentResponse",
                            "target_input": "document"
                          }
                        ]
                      }
                    ],
                    "name": "Agent_1PromptsNode0ToFlowOutputNodeFlowOutputNode0",
                    "source": "Agent_1",
                    "target": "FlowOutputNode",
                    "type": "Data"
                  }
                ],
                "node": [
                  {
                    "configuration": [
                      {
                        "agent": [],
                        "collector": [],
                        "condition": [],
                        "inline_code": [],
                        "input": [
                          {}
                        ],
                        "iterator": [],
                        "knowledge_base": [],
                        "lambda_function": [],
                        "lex": [],
                        "output": [],
                        "prompt": [],
                        "retrieval": [],
                        "storage": []
                      }
                    ],
                    "input": [],
                    "name": "FlowInputNode",
                    "output": [
                      {
                        "name": "document",
                        "type": "Object"
                      }
                    ],
                    "type": "Input"
                  },
                  {
                    "configuration": [
                      {
                        "agent": [],
                        "collector": [],
                        "condition": [],
                        "inline_code": [],
                        "input": [],
                        "iterator": [],
                        "knowledge_base": [],
                        "lambda_function": [
                          {
                            "lambda_arn": "arn:aws:lambda:eu-west-2:261219435789:function:recall_for_user"
                          }
                        ],
                        "lex": [],
                        "output": [],
                        "prompt": [],
                        "retrieval": [],
                        "storage": []
                      }
                    ],
                    "input": [
                      {
                        "category": null,
                        "expression": "$.data.userId",
                        "name": "codeHookInput",
                        "type": "String"
                      }
                    ],
                    "name": "RecallForUser",
                    "output": [
                      {
                        "name": "functionResponse",
                        "type": "Object"
                      }
                    ],
                    "type": "LambdaFunction"
                  },
                  {
                    "configuration": [
                      {
                        "agent": [
                          {
                            "agent_alias_arn": "arn:aws:bedrock:eu-west-2:261219435789:agent-alias/WR6OABW4QY/U7JVIVXTJC"
                          }
                        ],
                        "collector": [],
                        "condition": [],
                        "inline_code": [],
                        "input": [],
                        "iterator": [],
                        "knowledge_base": [],
                        "lambda_function": [],
                        "lex": [],
                        "output": [],
                        "prompt": [],
                        "retrieval": [],
                        "storage": []
                      }
                    ],
                    "input": [
                      {
                        "category": null,
                        "expression": "$.data.inputString",
                        "name": "agentInputText",
                        "type": "String"
                      },
                      {
                        "category": null,
                        "expression": "$.data",
                        "name": "promptAttributes",
                        "type": "Object"
                      },
                      {
                        "category": null,
                        "expression": "$.data",
                        "name": "sessionAttributes",
                        "type": "Object"
                      }
                    ],
                    "name": "Agent_1",
                    "output": [
                      {
                        "name": "agentResponse",
                        "type": "String"
                      }
                    ],
                    "type": "Agent"
                  },
                  {
                    "configuration": [
                      {
                        "agent": [],
                        "collector": [],
                        "condition": [],
                        "inline_code": [],
                        "input": [],
                        "iterator": [],
                        "knowledge_base": [],
                        "lambda_function": [],
                        "lex": [],
                        "output": [],
                        "prompt": [],
                        "retrieval": [],
                        "storage": [
                          {
                            "service_configuration": [
                              {
                                "s3": [
                                  {
                                    "bucket_name": "gds-eligability-dialogue-storage"
                                  }
                                ]
                              }
                            ]
                          }
                        ]
                      }
                    ],
                    "input": [
                      {
                        "category": null,
                        "expression": "$.data",
                        "name": "content",
                        "type": "String"
                      },
                      {
                        "category": null,
                        "expression": "$.data.newStorageKey",
                        "name": "objectKey",
                        "type": "String"
                      }
                    ],
                    "name": "StoreDialogue",
                    "output": [
                      {
                        "name": "s3Uri",
                        "type": "String"
                      }
                    ],
                    "type": "Storage"
                  },
                  {
                    "configuration": [
                      {
                        "agent": [],
                        "collector": [],
                        "condition": [],
                        "inline_code": [],
                        "input": [],
                        "iterator": [],
                        "knowledge_base": [],
                        "lambda_function": [],
                        "lex": [],
                        "output": [
                          {}
                        ],
                        "prompt": [],
                        "retrieval": [],
                        "storage": []
                      }
                    ],
                    "input": [
                      {
                        "category": null,
                        "expression": "$.data",
                        "name": "document",
                        "type": "String"
                      }
                    ],
                    "name": "FlowOutputNode",
                    "output": [],
                    "type": "Output"
                  }
                ]
              }
            ],
            "description": null,
            "execution_role_arn": "arn:aws:iam::261219435789:role/bedrock-execution-role",
            "id": "BT4C6KZRP7",
            "name": "triage-flow",
            "region": "eu-west-2",
            "status": "Prepared",
            "tags": null,
            "tags_all": {},
            "timeouts": null,
            "updated_at": "2025-10-27T09:38:27Z",
            "version": "DRAFT"
          },
          "sensitive_attributes": [],
          "identity_schema_version": 0,
          "dependencies": [
            "aws_bedrockagent_agent.eligability_agent",
            "aws_bedrockagent_agent_alias.eligability_alias_for_prompts",
            "aws_iam_role.bedrock_agent_role",
            "aws_iam_role.bedrock_execution_role",
            "aws_s3_bucket.dialogue_storage",
            "module.recall_for_user.aws_cloudwatch_log_group.lambda",
            "module.recall_for_user.aws_iam_role.lambda",
            "module.recall_for_user.aws_iam_role_policy.additional_inline",
            "module.recall_for_user.aws_iam_role_policy.additional_json",
            "module.recall_for_user.aws_iam_role_policy.additional_jsons",
            "module.recall_for_user.aws_iam_role_policy.async",
            "module.recall_for_user.aws_iam_role_policy.dead_letter",
            "module.recall_for_user.aws_iam_role_policy.logs",
            "module.recall_for_user.aws_iam_role_policy.tracing",
            "module.recall_for_user.aws_iam_role_policy.vpc",
            "module.recall_for_user.aws_iam_role_policy_attachment.additional_many",
            "module.recall_for_user.aws_iam_role_policy_attachment.additional_one",
            "module.recall_for_user.aws_lambda_function.this",
            "module.recall_for_user.aws_s3_object.lambda_package",
            "module.recall_for_user.data.aws_arn.log_group_arn",
            "module.recall_for_user.data.aws_cloudwatch_log_group.lambda",
            "module.recall_for_user.data.aws_iam_policy.tracing",
            "module.recall_for_user.data.aws_iam_policy.vpc",
            "module.recall_for_user.data.aws_iam_policy_document.additional_inline",
            "module.recall_for_user.data.aws_iam_policy_document.assume_role",
            "module.recall_for_user.data.aws_iam_policy_document.async",
            "module.recall_for_user.data.aws_iam_policy_document.dead_letter",
            "module.recall_for_user.data.aws_iam_policy_document.logs",
            "module.recall_for_user.data.aws_partition.current",
            "module.recall_for_user.data.external.archive_prepare",
            "module.recall_for_user.local_file.archive_plan",
            "module.recall_for_user.null_resource.archive"
          ]
        }
      ]
    },
    {
      "mode": "managed",
      "type": "aws_iam_role",
      "name": "bedrock_agent_role",
      "provider": "provider[\"registry.terraform.io/hashicorp/aws\"]",
      "instances": [
        {
          "schema_version": 0,
          "attributes": {
            "arn": "arn:aws:iam::261219435789:role/bedrock-agent-role",
            "assume_role_policy": "{\"Statement\":[{\"Action\":\"sts:AssumeRole\",\"Effect\":\"Allow\",\"Principal\":{\"Service\":\"bedrock.amazonaws.com\"}}],\"Version\":\"2012-10-17\"}",
            "create_date": "2025-10-27T09:38:11Z",
            "description": "",
            "force_detach_policies": false,
            "id": "bedrock-agent-role",
            "inline_policy": [],
            "managed_policy_arns": [
              "arn:aws:iam::aws:policy/AmazonBedrockLimitedAccess"
            ],
            "max_session_duration": 3600,
            "name": "bedrock-agent-role",
            "name_prefix": "",
            "path": "/",
            "permissions_boundary": "",
            "tags": {},
            "tags_all": {},
            "unique_id": "AROATZUPEIUGTFW6XYYSQ"
          },
          "sensitive_attributes": [],
          "identity_schema_version": 0,
          "identity": {
            "account_id": "261219435789",
            "name": "bedrock-agent-role"
          },
          "private": "bnVsbA=="
        }
      ]
    },
    {
      "mode": "managed",
      "type": "aws_iam_role",
      "name": "bedrock_execution_role",
      "provider": "provider[\"registry.terraform.io/hashicorp/aws\"]",
      "instances": [
        {
          "schema_version": 0,
          "attributes": {
            "arn": "arn:aws:iam::261219435789:role/bedrock-execution-role",
            "assume_role_policy": "{\"Statement\":[{\"Action\":\"sts:AssumeRole\",\"Effect\":\"Allow\",\"Principal\":{\"Service\":\"bedrock.amazonaws.com\"}}],\"Version\":\"2012-10-17\"}",
            "create_date": "2025-10-27T09:38:11Z",
            "description": "",
            "force_detach_policies": false,
            "id": "bedrock-execution-role",
            "inline_policy": [
              {
                "name": "bedrock-execution-policy",
                "policy": "{\"Version\":\"2012-10-17\",\"Statement\":[{\"Action\":[\"bedrock:InvokeAgent\"],\"Effect\":\"Allow\",\"Resource\":\"*\"}]}"
              }
            ],
            "managed_policy_arns": [
              "arn:aws:iam::aws:policy/AmazonBedrockLimitedAccess"
            ],
            "max_session_duration": 3600,
            "name": "bedrock-execution-role",
            "name_prefix": "",
            "path": "/",
            "permissions_boundary": "",
            "tags": {},
            "tags_all": {},
            "unique_id": "AROATZUPEIUGWAUGGFFP2"
          },
          "sensitive_attributes": [],
          "identity_schema_version": 0,
          "identity": {
            "account_id": "261219435789",
            "name": "bedrock-execution-role"
          },
          "private": "bnVsbA=="
        }
      ]
    },
    {
      "mode": "managed",
      "type": "aws_s3_bucket",
      "name": "dialogue_storage",
      "provider": "provider[\"registry.terraform.io/hashicorp/aws\"]",
      "instances": [
        {
          "schema_version": 0,
          "attributes": {
            "acceleration_status": "",
            "acl": null,
            "arn": "arn:aws:s3:::gds-eligability-dialogue-storage",
            "bucket": "gds-eligability-dialogue-storage",
            "bucket_domain_name": "gds-eligability-dialogue-storage.s3.amazonaws.com",
            "bucket_prefix": "",
            "bucket_region": "eu-west-2",
            "bucket_regional_domain_name": "gds-eligability-dialogue-storage.s3.eu-west-2.amazonaws.com",
            "cors_rule": [],
            "force_destroy": false,
            "grant": [
              {
                "id": "d4bad1d1c5ec1733336681016bb05abeb5010cea4fe6c74931e1e9fb07f60817",
                "permissions": [
                  "FULL_CONTROL"
                ],
                "type": "CanonicalUser",
                "uri": ""
              }
            ],
            "hosted_zone_id": "Z3GKZC51ZF0DB4",
            "id": "gds-eligability-dialogue-storage",
            "lifecycle_rule": [],
            "logging": [],
            "object_lock_configuration": [],
            "object_lock_enabled": false,
            "policy": "",
            "region": "eu-west-2",
            "replication_configuration": [],
            "request_payer": "BucketOwner",
            "server_side_encryption_configuration": [
              {
                "rule": [
                  {
                    "apply_server_side_encryption_by_default": [
                      {
                        "kms_master_key_id": "",
                        "sse_algorithm": "AES256"
                      }
                    ],
                    "bucket_key_enabled": false
                  }
                ]
              }
            ],
            "tags": {},
            "tags_all": {},
            "timeouts": null,
            "versioning": [
              {
                "enabled": false,
                "mfa_delete": false
              }
            ],
            "website": [],
            "website_domain": null,
            "website_endpoint": null
          },
          "sensitive_attributes": [],
          "identity_schema_version": 0,
          "identity": {
            "account_id": "261219435789",
            "bucket": "gds-eligability-dialogue-storage",
            "region": "eu-west-2"
          },
          "private": "eyJlMmJmYjczMC1lY2FhLTExZTYtOGY4OC0zNDM2M2JjN2M0YzAiOnsiY3JlYXRlIjoxMjAwMDAwMDAwMDAwLCJkZWxldGUiOjM2MDAwMDAwMDAwMDAsInJlYWQiOjEyMDAwMDAwMDAwMDAsInVwZGF0ZSI6MTIwMDAwMDAwMDAwMH19"
        }
      ]
    },
    {
      "module": "module.recall_for_user",
      "mode": "data",
      "type": "aws_iam_policy_document",
      "name": "assume_role",
      "provider": "provider[\"registry.terraform.io/hashicorp/aws\"]",
      "instances": [
        {
          "index_key": 0,
          "schema_version": 0,
          "attributes": {
            "id": "2690255455",
            "json": "{\n  \"Version\": \"2012-10-17\",\n  \"Statement\": [\n    {\n      \"Effect\": \"Allow\",\n      \"Action\": \"sts:AssumeRole\",\n      \"Principal\": {\n        \"Service\": \"lambda.amazonaws.com\"\n      }\n    }\n  ]\n}",
            "minified_json": "{\"Version\":\"2012-10-17\",\"Statement\":[{\"Effect\":\"Allow\",\"Action\":\"sts:AssumeRole\",\"Principal\":{\"Service\":\"lambda.amazonaws.com\"}}]}",
            "override_json": null,
            "override_policy_documents": null,
            "policy_id": null,
            "source_json": null,
            "source_policy_documents": null,
            "statement": [
              {
                "actions": [
                  "sts:AssumeRole"
                ],
                "condition": [],
                "effect": "Allow",
                "not_actions": [],
                "not_principals": [],
                "not_resources": [],
                "principals": [
                  {
                    "identifiers": [
                      "lambda.amazonaws.com"
                    ],
                    "type": "Service"
                  }
                ],
                "resources": [],
                "sid": ""
              }
            ],
            "version": "2012-10-17"
          },
          "sensitive_attributes": [],
          "identity_schema_version": 0
        }
      ]
    },
    {
      "module": "module.recall_for_user",
      "mode": "data",
      "type": "aws_iam_policy_document",
      "name": "logs",
      "provider": "provider[\"registry.terraform.io/hashicorp/aws\"]",
      "instances": [
        {
          "index_key": 0,
          "schema_version": 0,
          "attributes": {
            "id": "1942300604",
            "json": "{\n  \"Version\": \"2012-10-17\",\n  \"Statement\": [\n    {\n      \"Effect\": \"Allow\",\n      \"Action\": [\n        \"logs:PutLogEvents\",\n        \"logs:CreateLogStream\",\n        \"logs:CreateLogGroup\"\n      ],\n      \"Resource\": [\n        \"arn:aws:logs:eu-west-2:261219435789:log-group:/aws/lambda/recall_for_user:*:*\",\n        \"arn:aws:logs:eu-west-2:261219435789:log-group:/aws/lambda/recall_for_user:*\"\n      ]\n    }\n  ]\n}",
            "minified_json": "{\"Version\":\"2012-10-17\",\"Statement\":[{\"Effect\":\"Allow\",\"Action\":[\"logs:PutLogEvents\",\"logs:CreateLogStream\",\"logs:CreateLogGroup\"],\"Resource\":[\"arn:aws:logs:eu-west-2:261219435789:log-group:/aws/lambda/recall_for_user:*:*\",\"arn:aws:logs:eu-west-2:261219435789:log-group:/aws/lambda/recall_for_user:*\"]}]}",
            "override_json": null,
            "override_policy_documents": null,
            "policy_id": null,
            "source_json": null,
            "source_policy_documents": null,
            "statement": [
              {
                "actions": [
                  "logs:CreateLogGroup",
                  "logs:CreateLogStream",
                  "logs:PutLogEvents"
                ],
                "condition": [],
                "effect": "Allow",
                "not_actions": [],
                "not_principals": [],
                "not_resources": [],
                "principals": [],
                "resources": [
                  "arn:aws:logs:eu-west-2:261219435789:log-group:/aws/lambda/recall_for_user:*",
                  "arn:aws:logs:eu-west-2:261219435789:log-group:/aws/lambda/recall_for_user:*:*"
                ],
                "sid": ""
              }
            ],
            "version": "2012-10-17"
          },
          "sensitive_attributes": [],
          "identity_schema_version": 0
        }
      ]
    },
    {
      "module": "module.recall_for_user",
      "mode": "data",
      "type": "aws_partition",
      "name": "current",
      "provider": "provider[\"registry.terraform.io/hashicorp/aws\"]",
      "instances": [
        {
          "schema_version": 0,
          "attributes": {
            "dns_suffix": "amazonaws.com",
            "id": "aws",
            "partition": "aws",
            "reverse_dns_prefix": "com.amazonaws"
          },
          "sensitive_attributes": [],
          "identity_schema_version": 0
        }
      ]
    },
    {
      "module": "module.recall_for_user",
      "mode": "data",
      "type": "external",
      "name": "archive_prepare",
      "provider": "provider[\"registry.terraform.io/hashicorp/external\"]",
      "instances": [
        {
          "index_key": 0,
          "schema_version": 0,
          "attributes": {
            "id": "-",
            "program": [
              "python3",
              ".terraform/modules/recall_for_user/package.py",
              "prepare"
            ],
            "query": {
              "artifacts_dir": "builds",
              "docker": null,
              "hash_extra": "",
              "hash_extra_paths": "[]",
              "paths": "{\"cwd\":\"/home/tobe/Src/MadeTech/GDS/terraform-skeleton\",\"module\":\".terraform/modules/recall_for_user\",\"root\":\".\"}",
              "quiet": "true",
              "recreate_missing_package": "true",
              "runtime": "python3.12",
              "source_path": "\"./src/lambda/recall_for_user\""
            },
            "result": {
              "build_plan": "{\"filename\": \"builds/35f351ddd188331539c6c959f723083d473146c0e877c3759cf1412a1732ecc5.zip\", \"runtime\": \"python3.12\", \"artifacts_dir\": \"builds\", \"build_plan\": [[[\"zip\", \"./src/lambda/recall_for_user\", null]]], \"quiet\": \"true\"}",
              "build_plan_filename": "builds/35f351ddd188331539c6c959f723083d473146c0e877c3759cf1412a1732ecc5.plan.json",
              "filename": "builds/35f351ddd188331539c6c959f723083d473146c0e877c3759cf1412a1732ecc5.zip",
              "timestamp": "1761559782746516000",
              "was_missing": "false"
            },
            "working_dir": null
          },
          "sensitive_attributes": [],
          "identity_schema_version": 0
        }
      ]
    },
    {
      "module": "module.recall_for_user",
      "mode": "managed",
      "type": "aws_cloudwatch_log_group",
      "name": "lambda",
      "provider": "provider[\"registry.terraform.io/hashicorp/aws\"]",
      "instances": [
        {
          "index_key": 0,
          "schema_version": 0,
          "attributes": {
            "arn": "arn:aws:logs:eu-west-2:261219435789:log-group:/aws/lambda/recall_for_user",
            "id": "/aws/lambda/recall_for_user",
            "kms_key_id": "",
            "log_group_class": "STANDARD",
            "name": "/aws/lambda/recall_for_user",
            "name_prefix": "",
            "region": "eu-west-2",
            "retention_in_days": 0,
            "skip_destroy": false,
            "tags": {},
            "tags_all": {}
          },
          "sensitive_attributes": [],
          "identity_schema_version": 0,
          "identity": {
            "account_id": "261219435789",
            "name": "/aws/lambda/recall_for_user",
            "region": "eu-west-2"
          },
          "private": "bnVsbA==",
          "create_before_destroy": true
        }
      ]
    },
    {
      "module": "module.recall_for_user",
      "mode": "managed",
      "type": "aws_iam_role",
      "name": "lambda",
      "provider": "provider[\"registry.terraform.io/hashicorp/aws\"]",
      "instances": [
        {
          "index_key": 0,
          "schema_version": 0,
          "attributes": {
            "arn": "arn:aws:iam::261219435789:role/recall_for_user",
            "assume_role_policy": "{\"Statement\":[{\"Action\":\"sts:AssumeRole\",\"Effect\":\"Allow\",\"Principal\":{\"Service\":\"lambda.amazonaws.com\"}}],\"Version\":\"2012-10-17\"}",
            "create_date": "2025-10-27T09:38:11Z",
            "description": "",
            "force_detach_policies": true,
            "id": "recall_for_user",
            "inline_policy": [
              {
                "name": "recall_for_user-logs",
                "policy": "{\"Version\":\"2012-10-17\",\"Statement\":[{\"Action\":[\"logs:PutLogEvents\",\"logs:CreateLogStream\",\"logs:CreateLogGroup\"],\"Effect\":\"Allow\",\"Resource\":[\"arn:aws:logs:eu-west-2:261219435789:log-group:/aws/lambda/recall_for_user:*:*\",\"arn:aws:logs:eu-west-2:261219435789:log-group:/aws/lambda/recall_for_user:*\"]}]}"
              }
            ],
            "managed_policy_arns": [],
            "max_session_duration": 3600,
            "name": "recall_for_user",
            "name_prefix": "",
            "path": "/",
            "permissions_boundary": "",
            "tags": {},
            "tags_all": {},
            "unique_id": "AROATZUPEIUGVC6JJB67D"
          },
          "sensitive_attributes": [],
          "identity_schema_version": 0,
          "identity": {
            "account_id": "261219435789",
            "name": "recall_for_user"
          },
          "private": "bnVsbA==",
          "dependencies": [
            "module.recall_for_user.data.aws_iam_policy_document.assume_role"
          ],
          "create_before_destroy": true
        }
      ]
    },
    {
      "module": "module.recall_for_user",
      "mode": "managed",
      "type": "aws_iam_role_policy",
      "name": "logs",
      "provider": "provider[\"registry.terraform.io/hashicorp/aws\"]",
      "instances": [
        {
          "index_key": 0,
          "schema_version": 0,
          "attributes": {
            "id": "recall_for_user:recall_for_user-logs",
            "name": "recall_for_user-logs",
            "name_prefix": "",
            "policy": "{\"Version\":\"2012-10-17\",\"Statement\":[{\"Action\":[\"logs:PutLogEvents\",\"logs:CreateLogStream\",\"logs:CreateLogGroup\"],\"Effect\":\"Allow\",\"Resource\":[\"arn:aws:logs:eu-west-2:261219435789:log-group:/aws/lambda/recall_for_user:*:*\",\"arn:aws:logs:eu-west-2:261219435789:log-group:/aws/lambda/recall_for_user:*\"]}]}",
            "role": "recall_for_user"
          },
          "sensitive_attributes": [],
          "identity_schema_version": 0,
          "identity": {
            "account_id": "261219435789",
            "name": "recall_for_user-logs",
            "role": "recall_for_user"
          },
          "private": "bnVsbA==",
          "dependencies": [
            "module.recall_for_user.aws_cloudwatch_log_group.lambda",
            "module.recall_for_user.aws_iam_role.lambda",
            "module.recall_for_user.data.aws_arn.log_group_arn",
            "module.recall_for_user.data.aws_cloudwatch_log_group.lambda",
            "module.recall_for_user.data.aws_iam_policy_document.assume_role",
            "module.recall_for_user.data.aws_iam_policy_document.logs"
          ],
          "create_before_destroy": true
        }
      ]
    },
    {
      "module": "module.recall_for_user",
      "mode": "managed",
      "type": "aws_lambda_function",
      "name": "this",
      "provider": "provider[\"registry.terraform.io/hashicorp/aws\"]",
      "instances": [
        {
          "index_key": 0,
          "schema_version": 0,
          "attributes": {
            "architectures": [
              "x86_64"
            ],
            "arn": "arn:aws:lambda:eu-west-2:261219435789:function:recall_for_user",
            "code_sha256": "exlURc0TpA/QejgQOVe905Z4vE6vf0+xLQq3PwO3uVg=",
            "code_signing_config_arn": "",
            "dead_letter_config": [],
            "description": "Recall past user interactions with agent",
            "environment": [],
            "ephemeral_storage": [
              {
                "size": 512
              }
            ],
            "file_system_config": [],
            "filename": "builds/35f351ddd188331539c6c959f723083d473146c0e877c3759cf1412a1732ecc5.zip",
            "function_name": "recall_for_user",
            "handler": "main.lambda_handler",
            "id": "recall_for_user",
            "image_config": [],
            "image_uri": "",
            "invoke_arn": "arn:aws:apigateway:eu-west-2:lambda:path/2015-03-31/functions/arn:aws:lambda:eu-west-2:261219435789:function:recall_for_user/invocations",
            "kms_key_arn": "",
            "last_modified": "2025-10-27T10:10:18.000+0000",
            "layers": [],
            "logging_config": [
              {
                "application_log_level": "",
                "log_format": "Text",
                "log_group": "/aws/lambda/recall_for_user",
                "system_log_level": ""
              }
            ],
            "memory_size": 128,
            "package_type": "Zip",
            "publish": false,
            "qualified_arn": "arn:aws:lambda:eu-west-2:261219435789:function:recall_for_user:$LATEST",
            "qualified_invoke_arn": "arn:aws:apigateway:eu-west-2:lambda:path/2015-03-31/functions/arn:aws:lambda:eu-west-2:261219435789:function:recall_for_user:$LATEST/invocations",
            "region": "eu-west-2",
            "replace_security_groups_on_destroy": null,
            "replacement_security_group_ids": null,
            "reserved_concurrent_executions": -1,
            "role": "arn:aws:iam::261219435789:role/recall_for_user",
            "runtime": "python3.12",
            "s3_bucket": null,
            "s3_key": null,
            "s3_object_version": null,
            "signing_job_arn": "",
            "signing_profile_version_arn": "",
            "skip_destroy": false,
            "snap_start": [],
            "source_code_hash": "",
            "source_code_size": 260,
            "source_kms_key_arn": "",
            "tags": {
              "terraform-aws-modules": "lambda"
            },
            "tags_all": {
              "terraform-aws-modules": "lambda"
            },
            "timeout": 3,
            "timeouts": null,
            "tracing_config": [
              {
                "mode": "PassThrough"
              }
            ],
            "version": "$LATEST",
            "vpc_config": []
          },
          "sensitive_attributes": [],
          "identity_schema_version": 0,
          "identity": {
            "account_id": "261219435789",
            "function_name": "recall_for_user",
            "region": "eu-west-2"
          },
          "private": "eyJlMmJmYjczMC1lY2FhLTExZTYtOGY4OC0zNDM2M2JjN2M0YzAiOnsiY3JlYXRlIjo2MDAwMDAwMDAwMDAsImRlbGV0ZSI6NjAwMDAwMDAwMDAwLCJ1cGRhdGUiOjYwMDAwMDAwMDAwMH19",
          "dependencies": [
            "module.recall_for_user.aws_cloudwatch_log_group.lambda",
            "module.recall_for_user.aws_iam_role.lambda",
            "module.recall_for_user.aws_iam_role_policy.additional_inline",
            "module.recall_for_user.aws_iam_role_policy.additional_json",
            "module.recall_for_user.aws_iam_role_policy.additional_jsons",
            "module.recall_for_user.aws_iam_role_policy.async",
            "module.recall_for_user.aws_iam_role_policy.dead_letter",
            "module.recall_for_user.aws_iam_role_policy.logs",
            "module.recall_for_user.aws_iam_role_policy.tracing",
            "module.recall_for_user.aws_iam_role_policy.vpc",
            "module.recall_for_user.aws_iam_role_policy_attachment.additional_many",
            "module.recall_for_user.aws_iam_role_policy_attachment.additional_one",
            "module.recall_for_user.aws_s3_object.lambda_package",
            "module.recall_for_user.data.aws_arn.log_group_arn",
            "module.recall_for_user.data.aws_cloudwatch_log_group.lambda",
            "module.recall_for_user.data.aws_iam_policy.tracing",
            "module.recall_for_user.data.aws_iam_policy.vpc",
            "module.recall_for_user.data.aws_iam_policy_document.additional_inline",
            "module.recall_for_user.data.aws_iam_policy_document.assume_role",
            "module.recall_for_user.data.aws_iam_policy_document.async",
            "module.recall_for_user.data.aws_iam_policy_document.dead_letter",
            "module.recall_for_user.data.aws_iam_policy_document.logs",
            "module.recall_for_user.data.aws_partition.current",
            "module.recall_for_user.data.external.archive_prepare",
            "module.recall_for_user.local_file.archive_plan",
            "module.recall_for_user.null_resource.archive"
          ],
          "create_before_destroy": true
        }
      ]
    },
    {
      "module": "module.recall_for_user",
      "mode": "managed",
      "type": "local_file",
      "name": "archive_plan",
      "provider": "provider[\"registry.terraform.io/hashicorp/local\"]",
      "instances": [
        {
          "index_key": 0,
          "schema_version": 0,
          "attributes": {
            "content": "{\"filename\": \"builds/35f351ddd188331539c6c959f723083d473146c0e877c3759cf1412a1732ecc5.zip\", \"runtime\": \"python3.12\", \"artifacts_dir\": \"builds\", \"build_plan\": [[[\"zip\", \"./src/lambda/recall_for_user\", null]]], \"quiet\": \"true\"}",
            "content_base64": null,
            "content_base64sha256": "g4zlsOuqGpWC13XrDdFLjHYkU8GUCnertPy5AbWS9ts=",
            "content_base64sha512": "DQ9A97lUgiHIcalvsutosGxIRFZtqAIuyaT3K5VXXHWJuYcJnYC5hYfA2Xj2JEL15IZ1UldI5oA8NCD+3FFOIQ==",
            "content_md5": "09efcf8c8ff1a7e0346b37b1baab7486",
            "content_sha1": "86f7db603112158e0863a1078ab3c3433eabb839",
            "content_sha256": "838ce5b0ebaa1a9582d775eb0dd14b8c762453c1940a77abb4fcb901b592f6db",
            "content_sha512": "0d0f40f7b9548221c871a96fb2eb68b06c4844566da8022ec9a4f72b95575c7589b987099d80b98587c0d978f62442f5e48675525748e6803c3420fedc514e21",
            "directory_permission": "0755",
            "file_permission": "0644",
            "filename": "builds/35f351ddd188331539c6c959f723083d473146c0e877c3759cf1412a1732ecc5.plan.json",
            "id": "86f7db603112158e0863a1078ab3c3433eabb839",
            "sensitive_content": null,
            "source": null
          },
          "sensitive_attributes": [
            [
              {
                "type": "get_attr",
                "value": "content"
              }
            ],
            [
              {
                "type": "get_attr",
                "value": "sensitive_content"
              }
            ]
          ],
          "identity_schema_version": 0,
          "dependencies": [
            "module.recall_for_user.data.external.archive_prepare"
          ],
          "create_before_destroy": true
        }
      ]
    },
    {
      "module": "module.recall_for_user",
      "mode": "managed",
      "type": "null_resource",
      "name": "archive",
      "provider": "provider[\"registry.terraform.io/hashicorp/null\"]",
      "instances": [
        {
          "index_key": 0,
          "schema_version": 0,
          "attributes": {
            "id": "534036635592780280",
            "triggers": {
              "filename": "builds/35f351ddd188331539c6c959f723083d473146c0e877c3759cf1412a1732ecc5.zip",
              "timestamp": "1761559782746516000"
            }
          },
          "sensitive_attributes": [],
          "identity_schema_version": 0,
          "dependencies": [
            "module.recall_for_user.data.external.archive_prepare",
            "module.recall_for_user.local_file.archive_plan"
          ],
          "create_before_destroy": true
        }
      ]
    }
  ],
  "check_results": null
}
