{
  "version": 4,
  "terraform_version": "1.13.3",
  "serial": 26,
  "lineage": "c0a8b4dd-b41d-bcd2-0e4b-c0f436df2655",
  "outputs": {},
  "resources": [
    {
      "mode": "managed",
      "type": "aws_bedrockagent_flow",
      "name": "triage",
      "provider": "provider[\"registry.terraform.io/hashicorp/aws\"]",
      "instances": [
        {
          "schema_version": 0,
          "attributes": {
            "arn": "arn:aws:bedrock:eu-west-2:261219435789:flow/5J3408MJSB",
            "created_at": "2025-10-27T15:43:37Z",
            "customer_encryption_key_arn": null,
            "definition": [
              {
                "connection": [
                  {
                    "configuration": [
                      {
                        "conditional": [],
                        "data": [
                          {
                            "source_output": "document",
                            "target_input": "user_input"
                          }
                        ]
                      }
                    ],
                    "name": "FlowInputNodeFlowInputNode0ToTriagePromptsNode0",
                    "source": "FlowInputNode",
                    "target": "Triage",
                    "type": "Data"
                  },
                  {
                    "configuration": [
                      {
                        "conditional": [],
                        "data": [
                          {
                            "source_output": "modelCompletion",
                            "target_input": "document"
                          }
                        ]
                      }
                    ],
                    "name": "TriagePromptsNode0ToFlowOutputNodeFlowOutputNode0",
                    "source": "Triage",
                    "target": "FlowOutputNode",
                    "type": "Data"
                  }
                ],
                "node": [
                  {
                    "configuration": [
                      {
                        "agent": [],
                        "collector": [],
                        "condition": [],
                        "inline_code": [],
                        "input": [
                          {}
                        ],
                        "iterator": [],
                        "knowledge_base": [],
                        "lambda_function": [],
                        "lex": [],
                        "output": [],
                        "prompt": [],
                        "retrieval": [],
                        "storage": []
                      }
                    ],
                    "input": [],
                    "name": "FlowInputNode",
                    "output": [
                      {
                        "name": "document",
                        "type": "String"
                      }
                    ],
                    "type": "Input"
                  },
                  {
                    "configuration": [
                      {
                        "agent": [],
                        "collector": [],
                        "condition": [],
                        "inline_code": [],
                        "input": [],
                        "iterator": [],
                        "knowledge_base": [],
                        "lambda_function": [],
                        "lex": [],
                        "output": [],
                        "prompt": [
                          {
                            "guardrail_configuration": [],
                            "source_configuration": [
                              {
                                "inline": [],
                                "resource": [
                                  {
                                    "prompt_arn": "arn:aws:bedrock:eu-west-2:261219435789:prompt/7B39L0NK3I"
                                  }
                                ]
                              }
                            ]
                          }
                        ],
                        "retrieval": [],
                        "storage": []
                      }
                    ],
                    "input": [
                      {
                        "category": null,
                        "expression": "$.data",
                        "name": "user_input",
                        "type": "String"
                      }
                    ],
                    "name": "Triage",
                    "output": [
                      {
                        "name": "modelCompletion",
                        "type": "String"
                      }
                    ],
                    "type": "Prompt"
                  },
                  {
                    "configuration": [
                      {
                        "agent": [],
                        "collector": [],
                        "condition": [],
                        "inline_code": [],
                        "input": [],
                        "iterator": [],
                        "knowledge_base": [],
                        "lambda_function": [],
                        "lex": [],
                        "output": [
                          {}
                        ],
                        "prompt": [],
                        "retrieval": [],
                        "storage": []
                      }
                    ],
                    "input": [
                      {
                        "category": null,
                        "expression": "$.data",
                        "name": "document",
                        "type": "String"
                      }
                    ],
                    "name": "FlowOutputNode",
                    "output": [],
                    "type": "Output"
                  }
                ]
              }
            ],
            "description": null,
            "execution_role_arn": "arn:aws:iam::261219435789:role/bedrock-execution-role-unstable",
            "id": "5J3408MJSB",
            "name": "triage-flow-unstable",
            "region": "eu-west-2",
            "status": "Prepared",
            "tags": null,
            "tags_all": {},
            "timeouts": null,
            "updated_at": "2025-10-28T09:52:54Z",
            "version": "DRAFT"
          },
          "sensitive_attributes": [],
          "identity_schema_version": 0,
          "dependencies": [
            "aws_bedrockagent_agent.eligability_agent",
            "aws_bedrockagent_agent_alias.eligability_alias_for_prompts",
            "aws_bedrockagent_prompt.triage_prompt",
            "aws_iam_role.bedrock_agent_role",
            "aws_iam_role.bedrock_execution_role"
          ]
        }
      ]
    },
    {
      "mode": "managed",
      "type": "aws_iam_role",
      "name": "bedrock_agent_role",
      "provider": "provider[\"registry.terraform.io/hashicorp/aws\"]",
      "instances": [
        {
          "schema_version": 0,
          "attributes": {
            "arn": "arn:aws:iam::261219435789:role/bedrock-agent-role-unstable",
            "assume_role_policy": "{\"Statement\":[{\"Action\":\"sts:AssumeRole\",\"Effect\":\"Allow\",\"Principal\":{\"Service\":\"bedrock.amazonaws.com\"}}],\"Version\":\"2012-10-17\"}",
            "create_date": "2025-10-27T15:43:37Z",
            "description": "",
            "force_detach_policies": false,
            "id": "bedrock-agent-role-unstable",
            "inline_policy": [],
            "managed_policy_arns": [
              "arn:aws:iam::aws:policy/AmazonBedrockFullAccess"
            ],
            "max_session_duration": 3600,
            "name": "bedrock-agent-role-unstable",
            "name_prefix": "",
            "path": "/",
            "permissions_boundary": "",
            "tags": {},
            "tags_all": {},
            "unique_id": "AROATZUPEIUG7NGZE4K4N"
          },
          "sensitive_attributes": [],
          "identity_schema_version": 0,
          "identity": {
            "account_id": "261219435789",
            "name": "bedrock-agent-role-unstable"
          },
          "private": "bnVsbA=="
        }
      ]
    },
    {
      "mode": "managed",
      "type": "aws_iam_role",
      "name": "bedrock_execution_role",
      "provider": "provider[\"registry.terraform.io/hashicorp/aws\"]",
      "instances": [
        {
          "schema_version": 0,
          "attributes": {
            "arn": "arn:aws:iam::261219435789:role/bedrock-execution-role-unstable",
            "assume_role_policy": "{\"Statement\":[{\"Action\":\"sts:AssumeRole\",\"Effect\":\"Allow\",\"Principal\":{\"Service\":\"bedrock.amazonaws.com\"}}],\"Version\":\"2012-10-17\"}",
            "create_date": "2025-10-27T15:43:37Z",
            "description": "",
            "force_detach_policies": false,
            "id": "bedrock-execution-role-unstable",
            "inline_policy": [
              {
                "name": "bedrock-execution-policy-unstable",
                "policy": "{\"Version\":\"2012-10-17\",\"Statement\":[{\"Action\":[\"bedrock:InvokeAgent\"],\"Effect\":\"Allow\",\"Resource\":\"*\"}]}"
              }
            ],
            "managed_policy_arns": [
              "arn:aws:iam::aws:policy/AmazonBedrockFullAccess"
            ],
            "max_session_duration": 3600,
            "name": "bedrock-execution-role-unstable",
            "name_prefix": "",
            "path": "/",
            "permissions_boundary": "",
            "tags": {},
            "tags_all": {},
            "unique_id": "AROATZUPEIUGZXTWHS6H3"
          },
          "sensitive_attributes": [],
          "identity_schema_version": 0,
          "identity": {
            "account_id": "261219435789",
            "name": "bedrock-execution-role-unstable"
          },
          "private": "bnVsbA=="
        }
      ]
    },
    {
      "mode": "managed",
      "type": "aws_iam_role_policy",
      "name": "bedrock_execution_policy",
      "provider": "provider[\"registry.terraform.io/hashicorp/aws\"]",
      "instances": [
        {
          "schema_version": 0,
          "attributes": {
            "id": "bedrock-execution-role-unstable:bedrock-execution-policy-unstable",
            "name": "bedrock-execution-policy-unstable",
            "name_prefix": "",
            "policy": "{\"Version\":\"2012-10-17\",\"Statement\":[{\"Action\":[\"bedrock:InvokeAgent\"],\"Effect\":\"Allow\",\"Resource\":\"*\"}]}",
            "role": "bedrock-execution-role-unstable"
          },
          "sensitive_attributes": [],
          "identity_schema_version": 0,
          "identity": {
            "account_id": "261219435789",
            "name": "bedrock-execution-policy-unstable",
            "role": "bedrock-execution-role-unstable"
          },
          "private": "bnVsbA==",
          "dependencies": [
            "aws_iam_role.bedrock_execution_role"
          ]
        }
      ]
    },
    {
      "mode": "managed",
      "type": "aws_iam_role_policy_attachment",
      "name": "bedrock_agent_policy_limited_access",
      "provider": "provider[\"registry.terraform.io/hashicorp/aws\"]",
      "instances": [
        {
          "schema_version": 0,
          "attributes": {
            "id": "bedrock-agent-role-unstable/arn:aws:iam::aws:policy/AmazonBedrockFullAccess",
            "policy_arn": "arn:aws:iam::aws:policy/AmazonBedrockFullAccess",
            "role": "bedrock-agent-role-unstable"
          },
          "sensitive_attributes": [],
          "identity_schema_version": 0,
          "identity": {
            "account_id": "261219435789",
            "policy_arn": "arn:aws:iam::aws:policy/AmazonBedrockFullAccess",
            "role": "bedrock-agent-role-unstable"
          },
          "private": "bnVsbA==",
          "dependencies": [
            "aws_iam_role.bedrock_agent_role"
          ]
        }
      ]
    },
    {
      "mode": "managed",
      "type": "aws_iam_role_policy_attachment",
      "name": "bedrock_execution_policy_limited_access",
      "provider": "provider[\"registry.terraform.io/hashicorp/aws\"]",
      "instances": [
        {
          "schema_version": 0,
          "attributes": {
            "id": "bedrock-execution-role-unstable/arn:aws:iam::aws:policy/AmazonBedrockFullAccess",
            "policy_arn": "arn:aws:iam::aws:policy/AmazonBedrockFullAccess",
            "role": "bedrock-execution-role-unstable"
          },
          "sensitive_attributes": [],
          "identity_schema_version": 0,
          "identity": {
            "account_id": "261219435789",
            "policy_arn": "arn:aws:iam::aws:policy/AmazonBedrockFullAccess",
            "role": "bedrock-execution-role-unstable"
          },
          "private": "bnVsbA==",
          "dependencies": [
            "aws_iam_role.bedrock_execution_role"
          ]
        }
      ]
    }
  ],
  "check_results": null
}
