{
  "version": 4,
  "terraform_version": "1.13.4",
  "serial": 90,
  "lineage": "6f58d66c-17e6-3e22-86bc-6c30da36c171",
  "outputs": {},
  "resources": [
    {
      "mode": "managed",
      "type": "aws_apprunner_service",
      "name": "frontend_app",
      "provider": "provider[\"registry.terraform.io/hashicorp/aws\"]",
      "instances": [
        {
          "schema_version": 0,
          "attributes": {
            "arn": "arn:aws:apprunner:eu-west-2:261219435789:service/gds-eligability-frontend-app-stable/5241b1ac24094f6d8f134340edcf9765",
            "auto_scaling_configuration_arn": "arn:aws:apprunner:eu-west-2:261219435789:autoscalingconfiguration/DefaultConfiguration/1/00000000000000000000000000000001",
            "encryption_configuration": [],
            "health_check_configuration": [
              {
                "healthy_threshold": 1,
                "interval": 5,
                "path": "/health",
                "protocol": "HTTP",
                "timeout": 2,
                "unhealthy_threshold": 5
              }
            ],
            "id": "arn:aws:apprunner:eu-west-2:261219435789:service/gds-eligability-frontend-app-stable/5241b1ac24094f6d8f134340edcf9765",
            "instance_configuration": [
              {
                "cpu": "1024",
                "instance_role_arn": "arn:aws:iam::261219435789:role/gds-eligability-frontend-app-service-stable",
                "memory": "2048"
              }
            ],
            "network_configuration": [
              {
                "egress_configuration": [
                  {
                    "egress_type": "DEFAULT",
                    "vpc_connector_arn": ""
                  }
                ],
                "ingress_configuration": [
                  {
                    "is_publicly_accessible": false
                  }
                ],
                "ip_address_type": "IPV4"
              }
            ],
            "observability_configuration": [],
            "region": "eu-west-2",
            "service_id": "5241b1ac24094f6d8f134340edcf9765",
            "service_name": "gds-eligability-frontend-app-stable",
            "service_url": "h9jwp8uqm9.eu-west-2.awsapprunner.com",
            "source_configuration": [
              {
                "authentication_configuration": [
                  {
                    "access_role_arn": "arn:aws:iam::261219435789:role/gds-eligability-frontend-app-ecr-stable",
                    "connection_arn": ""
                  }
                ],
                "auto_deployments_enabled": true,
                "code_repository": [],
                "image_repository": [
                  {
                    "image_configuration": [
                      {
                        "port": "8080",
                        "runtime_environment_secrets": null,
                        "runtime_environment_variables": {
                          "AWS_REGION": "eu-west-2",
                          "BEDROCK_FLOW_ALIAS_ID": "XC4VHFA93K",
                          "BEDROCK_FLOW_ID": "RU8U3PTJF8",
                          "NODE_ENV": "production",
                          "PINO_LOG_LEVEL": "debug"
                        },
                        "start_command": ""
                      }
                    ],
                    "image_identifier": "261219435789.dkr.ecr.eu-west-2.amazonaws.com/gds-eligability-frontend-repo:stable",
                    "image_repository_type": "ECR"
                  }
                ]
              }
            ],
            "status": "RUNNING",
            "tags": null,
            "tags_all": {}
          },
          "sensitive_attributes": [],
          "identity_schema_version": 0,
          "identity": {
            "arn": "arn:aws:apprunner:eu-west-2:261219435789:service/gds-eligability-frontend-app-stable/5241b1ac24094f6d8f134340edcf9765"
          },
          "private": "bnVsbA==",
          "dependencies": [
            "aws_iam_role.frontend_app_ecr",
            "aws_iam_role.frontend_app_service"
          ]
        }
      ]
    },
    {
      "mode": "managed",
      "type": "aws_bedrockagent_agent",
      "name": "eligability_agent",
      "provider": "provider[\"registry.terraform.io/hashicorp/aws\"]",
      "instances": [
        {
          "schema_version": 0,
          "attributes": {
            "agent_arn": "arn:aws:bedrock:eu-west-2:261219435789:agent/XRTUO8QRJS",
            "agent_collaboration": "DISABLED",
            "agent_id": "XRTUO8QRJS",
            "agent_name": "gds_eligability_terraform_sandbox_eligability_agent-stable",
            "agent_resource_role_arn": "arn:aws:iam::261219435789:role/bedrock-agent-role-stable",
            "agent_version": null,
            "customer_encryption_key_arn": null,
            "description": null,
            "foundation_model": "amazon.nova-lite-v1:0",
            "guardrail_configuration": null,
            "id": "XRTUO8QRJS",
            "idle_session_ttl_in_seconds": 600,
            "instruction": "\u003ccontext\u003e\nYou are tasked with assessing whether the person you are in conversation with is\neligable for one or more benefits.\n\u003crules\u003e\n* You can ask the person as many questions as are needed to\nassess their eligability, but must only ask one question at a ti:me.\n* Don't provide links.\n* Always be polite\n* Only ask questions relating to the person you are talking to\n\u003c/rules\u003e\n\nYou must only use the links provided in this context block to understand the criteria for eligability.\n\nThese benefits, are:\n* Blue Badge: https://www.gov.uk/government/publications/blue-badge-can-i-get-one/can-i-get-a-blue-badge\n\u003c/context\u003e\n",
            "memory_configuration": null,
            "prepare_agent": true,
            "prepared_at": "2025-11-03T10:42:40Z",
            "prompt_override_configuration": [
              {
                "override_lambda": null,
                "prompt_configurations": null
              }
            ],
            "region": "eu-west-2",
            "skip_resource_in_use_check": false,
            "tags": null,
            "tags_all": {},
            "timeouts": null
          },
          "sensitive_attributes": [],
          "identity_schema_version": 0,
          "dependencies": [
            "aws_iam_role.bedrock_agent_role"
          ]
        }
      ]
    },
    {
      "mode": "managed",
      "type": "aws_bedrockagent_agent_alias",
      "name": "eligability_alias_for_prompts",
      "provider": "provider[\"registry.terraform.io/hashicorp/aws\"]",
      "instances": [
        {
          "schema_version": 0,
          "attributes": {
            "agent_alias_arn": "arn:aws:bedrock:eu-west-2:261219435789:agent-alias/XRTUO8QRJS/FIU5MIDQ1G",
            "agent_alias_id": "FIU5MIDQ1G",
            "agent_alias_name": "eligability-alias-for-prompts-stable",
            "agent_id": "XRTUO8QRJS",
            "description": "Alias to allow linkage between eligability agent and prompts",
            "id": "FIU5MIDQ1G,XRTUO8QRJS",
            "region": "eu-west-2",
            "routing_configuration": [
              {
                "agent_version": "1",
                "provisioned_throughput": null
              }
            ],
            "tags": null,
            "tags_all": {},
            "timeouts": null
          },
          "sensitive_attributes": [],
          "identity_schema_version": 0,
          "dependencies": [
            "aws_bedrockagent_agent.eligability_agent",
            "aws_iam_role.bedrock_agent_role"
          ]
        }
      ]
    },
    {
      "mode": "managed",
      "type": "aws_bedrockagent_flow",
      "name": "triage",
      "provider": "provider[\"registry.terraform.io/hashicorp/aws\"]",
      "instances": [
        {
          "schema_version": 0,
          "attributes": {
            "arn": "arn:aws:bedrock:eu-west-2:261219435789:flow/RU8U3PTJF8",
            "created_at": "2025-10-27T13:30:34Z",
            "customer_encryption_key_arn": null,
            "definition": [
              {
                "connection": [
                  {
                    "configuration": [
                      {
                        "conditional": [],
                        "data": [
                          {
                            "source_output": "document",
                            "target_input": "agentInputText"
                          }
                        ]
                      }
                    ],
                    "name": "FlowInputNodeFlowInputNode0ToAgent_1PromptsNode0",
                    "source": "FlowInputNode",
                    "target": "Triage",
                    "type": "Data"
                  },
                  {
                    "configuration": [
                      {
                        "conditional": [],
                        "data": [
                          {
                            "source_output": "agentResponse",
                            "target_input": "document"
                          }
                        ]
                      }
                    ],
                    "name": "Agent_1PromptsNode0ToFlowOutputNodeFlowOutputNode0",
                    "source": "Triage",
                    "target": "FlowOutputNode",
                    "type": "Data"
                  }
                ],
                "node": [
                  {
                    "configuration": [
                      {
                        "agent": [],
                        "collector": [],
                        "condition": [],
                        "inline_code": [],
                        "input": [
                          {}
                        ],
                        "iterator": [],
                        "knowledge_base": [],
                        "lambda_function": [],
                        "lex": [],
                        "output": [],
                        "prompt": [],
                        "retrieval": [],
                        "storage": []
                      }
                    ],
                    "input": [],
                    "name": "FlowInputNode",
                    "output": [
                      {
                        "name": "document",
                        "type": "String"
                      }
                    ],
                    "type": "Input"
                  },
                  {
                    "configuration": [
                      {
                        "agent": [
                          {
                            "agent_alias_arn": "arn:aws:bedrock:eu-west-2:261219435789:agent-alias/XRTUO8QRJS/FIU5MIDQ1G"
                          }
                        ],
                        "collector": [],
                        "condition": [],
                        "inline_code": [],
                        "input": [],
                        "iterator": [],
                        "knowledge_base": [],
                        "lambda_function": [],
                        "lex": [],
                        "output": [],
                        "prompt": [],
                        "retrieval": [],
                        "storage": []
                      }
                    ],
                    "input": [
                      {
                        "category": null,
                        "expression": "$.data",
                        "name": "agentInputText",
                        "type": "String"
                      },
                      {
                        "category": null,
                        "expression": "$.data",
                        "name": "promptAttributes",
                        "type": "Object"
                      },
                      {
                        "category": null,
                        "expression": "$.data",
                        "name": "sessionAttributes",
                        "type": "Object"
                      }
                    ],
                    "name": "Triage",
                    "output": [
                      {
                        "name": "agentResponse",
                        "type": "String"
                      }
                    ],
                    "type": "Agent"
                  },
                  {
                    "configuration": [
                      {
                        "agent": [],
                        "collector": [],
                        "condition": [],
                        "inline_code": [],
                        "input": [],
                        "iterator": [],
                        "knowledge_base": [],
                        "lambda_function": [],
                        "lex": [],
                        "output": [
                          {}
                        ],
                        "prompt": [],
                        "retrieval": [],
                        "storage": []
                      }
                    ],
                    "input": [
                      {
                        "category": null,
                        "expression": "$.data",
                        "name": "document",
                        "type": "String"
                      }
                    ],
                    "name": "FlowOutputNode",
                    "output": [],
                    "type": "Output"
                  }
                ]
              }
            ],
            "description": null,
            "execution_role_arn": "arn:aws:iam::261219435789:role/bedrock-execution-role-stable",
            "id": "RU8U3PTJF8",
            "name": "triage-flow-stable",
            "region": "eu-west-2",
            "status": "Prepared",
            "tags": null,
            "tags_all": {},
            "timeouts": null,
            "updated_at": "2025-11-03T10:42:46Z",
            "version": "DRAFT"
          },
          "sensitive_attributes": [],
          "identity_schema_version": 0,
          "dependencies": [
            "aws_bedrockagent_agent.eligability_agent",
            "aws_bedrockagent_agent_alias.eligability_alias_for_prompts",
            "aws_iam_role.bedrock_agent_role",
            "aws_iam_role.bedrock_execution_role"
          ]
        }
      ]
    },
    {
      "mode": "managed",
      "type": "aws_ecr_repository",
      "name": "frontend_app",
      "provider": "provider[\"registry.terraform.io/hashicorp/aws\"]",
      "instances": [
        {
          "index_key": 0,
          "schema_version": 0,
          "attributes": {
            "arn": "arn:aws:ecr:eu-west-2:261219435789:repository/gds-eligability-frontend-repo",
            "encryption_configuration": [
              {
                "encryption_type": "AES256",
                "kms_key": ""
              }
            ],
            "force_delete": null,
            "id": "gds-eligability-frontend-repo",
            "image_scanning_configuration": [
              {
                "scan_on_push": false
              }
            ],
            "image_tag_mutability": "MUTABLE",
            "image_tag_mutability_exclusion_filter": [],
            "name": "gds-eligability-frontend-repo",
            "region": "eu-west-2",
            "registry_id": "261219435789",
            "repository_url": "261219435789.dkr.ecr.eu-west-2.amazonaws.com/gds-eligability-frontend-repo",
            "tags": {},
            "tags_all": {},
            "timeouts": null
          },
          "sensitive_attributes": [],
          "identity_schema_version": 0,
          "identity": {
            "account_id": "261219435789",
            "name": "gds-eligability-frontend-repo",
            "region": "eu-west-2"
          },
          "private": "eyJlMmJmYjczMC1lY2FhLTExZTYtOGY4OC0zNDM2M2JjN2M0YzAiOnsiZGVsZXRlIjoxMjAwMDAwMDAwMDAwfX0="
        }
      ]
    },
    {
      "mode": "managed",
      "type": "aws_iam_role",
      "name": "bedrock_agent_role",
      "provider": "provider[\"registry.terraform.io/hashicorp/aws\"]",
      "instances": [
        {
          "schema_version": 0,
          "attributes": {
            "arn": "arn:aws:iam::261219435789:role/bedrock-agent-role-stable",
            "assume_role_policy": "{\"Statement\":[{\"Action\":\"sts:AssumeRole\",\"Effect\":\"Allow\",\"Principal\":{\"Service\":\"bedrock.amazonaws.com\"}}],\"Version\":\"2012-10-17\"}",
            "create_date": "2025-11-03T10:42:39Z",
            "description": "",
            "force_detach_policies": false,
            "id": "bedrock-agent-role-stable",
            "inline_policy": [],
            "managed_policy_arns": [
              "arn:aws:iam::aws:policy/AmazonBedrockFullAccess"
            ],
            "max_session_duration": 3600,
            "name": "bedrock-agent-role-stable",
            "name_prefix": "",
            "path": "/",
            "permissions_boundary": "",
            "tags": {},
            "tags_all": {},
            "unique_id": "AROATZUPEIUG4LTEFUXU5"
          },
          "sensitive_attributes": [],
          "identity_schema_version": 0,
          "identity": {
            "account_id": "261219435789",
            "name": "bedrock-agent-role-stable"
          },
          "private": "bnVsbA=="
        }
      ]
    },
    {
      "mode": "managed",
      "type": "aws_iam_role",
      "name": "bedrock_execution_role",
      "provider": "provider[\"registry.terraform.io/hashicorp/aws\"]",
      "instances": [
        {
          "schema_version": 0,
          "attributes": {
            "arn": "arn:aws:iam::261219435789:role/bedrock-execution-role-stable",
            "assume_role_policy": "{\"Statement\":[{\"Action\":\"sts:AssumeRole\",\"Effect\":\"Allow\",\"Principal\":{\"Service\":\"bedrock.amazonaws.com\"}}],\"Version\":\"2012-10-17\"}",
            "create_date": "2025-11-03T10:42:39Z",
            "description": "",
            "force_detach_policies": false,
            "id": "bedrock-execution-role-stable",
            "inline_policy": [
              {
                "name": "bedrock-execution-policy-stable",
                "policy": "{\"Version\":\"2012-10-17\",\"Statement\":[{\"Action\":[\"bedrock:InvokeAgent\"],\"Effect\":\"Allow\",\"Resource\":\"*\"}]}"
              }
            ],
            "managed_policy_arns": [
              "arn:aws:iam::aws:policy/AmazonBedrockFullAccess"
            ],
            "max_session_duration": 3600,
            "name": "bedrock-execution-role-stable",
            "name_prefix": "",
            "path": "/",
            "permissions_boundary": "",
            "tags": {},
            "tags_all": {},
            "unique_id": "AROATZUPEIUGR6XQR3VUV"
          },
          "sensitive_attributes": [],
          "identity_schema_version": 0,
          "identity": {
            "account_id": "261219435789",
            "name": "bedrock-execution-role-stable"
          },
          "private": "bnVsbA=="
        }
      ]
    },
    {
      "mode": "managed",
      "type": "aws_iam_role",
      "name": "frontend_app_ecr",
      "provider": "provider[\"registry.terraform.io/hashicorp/aws\"]",
      "instances": [
        {
          "schema_version": 0,
          "attributes": {
            "arn": "arn:aws:iam::261219435789:role/gds-eligability-frontend-app-ecr-stable",
            "assume_role_policy": "{\"Statement\":[{\"Action\":\"sts:AssumeRole\",\"Effect\":\"Allow\",\"Principal\":{\"Service\":\"build.apprunner.amazonaws.com\"}}],\"Version\":\"2012-10-17\"}",
            "create_date": "2025-11-03T10:42:39Z",
            "description": "",
            "force_detach_policies": false,
            "id": "gds-eligability-frontend-app-ecr-stable",
            "inline_policy": [],
            "managed_policy_arns": [
              "arn:aws:iam::aws:policy/service-role/AWSAppRunnerServicePolicyForECRAccess"
            ],
            "max_session_duration": 3600,
            "name": "gds-eligability-frontend-app-ecr-stable",
            "name_prefix": "",
            "path": "/",
            "permissions_boundary": "",
            "tags": {},
            "tags_all": {},
            "unique_id": "AROATZUPEIUGVQ26R3QM3"
          },
          "sensitive_attributes": [],
          "identity_schema_version": 0,
          "identity": {
            "account_id": "261219435789",
            "name": "gds-eligability-frontend-app-ecr-stable"
          },
          "private": "bnVsbA=="
        }
      ]
    },
    {
      "mode": "managed",
      "type": "aws_iam_role",
      "name": "frontend_app_service",
      "provider": "provider[\"registry.terraform.io/hashicorp/aws\"]",
      "instances": [
        {
          "schema_version": 0,
          "attributes": {
            "arn": "arn:aws:iam::261219435789:role/gds-eligability-frontend-app-service-stable",
            "assume_role_policy": "{\"Statement\":[{\"Action\":\"sts:AssumeRole\",\"Effect\":\"Allow\",\"Principal\":{\"Service\":\"tasks.apprunner.amazonaws.com\"}}],\"Version\":\"2012-10-17\"}",
            "create_date": "2025-11-03T10:42:39Z",
            "description": "",
            "force_detach_policies": false,
            "id": "gds-eligability-frontend-app-service-stable",
            "inline_policy": [
              {
                "name": "terraform-20251103104239580200000001",
                "policy": "{\"Version\":\"2012-10-17\",\"Statement\":[{\"Action\":[\"bedrock:InvokeFlow\"],\"Effect\":\"Allow\",\"Resource\":\"*\"}]}"
              }
            ],
            "managed_policy_arns": [
              "arn:aws:iam::aws:policy/AWSAppRunnerFullAccess"
            ],
            "max_session_duration": 3600,
            "name": "gds-eligability-frontend-app-service-stable",
            "name_prefix": "",
            "path": "/",
            "permissions_boundary": "",
            "tags": {},
            "tags_all": {},
            "unique_id": "AROATZUPEIUGV2UASIKWH"
          },
          "sensitive_attributes": [],
          "identity_schema_version": 0,
          "identity": {
            "account_id": "261219435789",
            "name": "gds-eligability-frontend-app-service-stable"
          },
          "private": "bnVsbA=="
        }
      ]
    },
    {
      "mode": "managed",
      "type": "aws_iam_role_policy",
      "name": "bedrock_execution_policy",
      "provider": "provider[\"registry.terraform.io/hashicorp/aws\"]",
      "instances": [
        {
          "schema_version": 0,
          "attributes": {
            "id": "bedrock-execution-role-stable:bedrock-execution-policy-stable",
            "name": "bedrock-execution-policy-stable",
            "name_prefix": "",
            "policy": "{\"Version\":\"2012-10-17\",\"Statement\":[{\"Action\":[\"bedrock:InvokeAgent\"],\"Effect\":\"Allow\",\"Resource\":\"*\"}]}",
            "role": "bedrock-execution-role-stable"
          },
          "sensitive_attributes": [],
          "identity_schema_version": 0,
          "identity": {
            "account_id": "261219435789",
            "name": "bedrock-execution-policy-stable",
            "role": "bedrock-execution-role-stable"
          },
          "private": "bnVsbA==",
          "dependencies": [
            "aws_iam_role.bedrock_execution_role"
          ]
        }
      ]
    },
    {
      "mode": "managed",
      "type": "aws_iam_role_policy",
      "name": "frontend_app_service_bedrock",
      "provider": "provider[\"registry.terraform.io/hashicorp/aws\"]",
      "instances": [
        {
          "schema_version": 0,
          "attributes": {
            "id": "gds-eligability-frontend-app-service-stable:terraform-20251103104239580200000001",
            "name": "terraform-20251103104239580200000001",
            "name_prefix": "terraform-",
            "policy": "{\"Version\":\"2012-10-17\",\"Statement\":[{\"Action\":[\"bedrock:InvokeFlow\"],\"Effect\":\"Allow\",\"Resource\":\"*\"}]}",
            "role": "gds-eligability-frontend-app-service-stable"
          },
          "sensitive_attributes": [],
          "identity_schema_version": 0,
          "identity": {
            "account_id": "261219435789",
            "name": "terraform-20251103104239580200000001",
            "role": "gds-eligability-frontend-app-service-stable"
          },
          "private": "bnVsbA==",
          "dependencies": [
            "aws_iam_role.frontend_app_service"
          ]
        }
      ]
    },
    {
      "mode": "managed",
      "type": "aws_iam_role_policy_attachment",
      "name": "bedrock_agent_policy_limited_access",
      "provider": "provider[\"registry.terraform.io/hashicorp/aws\"]",
      "instances": [
        {
          "schema_version": 0,
          "attributes": {
            "id": "bedrock-agent-role-stable/arn:aws:iam::aws:policy/AmazonBedrockFullAccess",
            "policy_arn": "arn:aws:iam::aws:policy/AmazonBedrockFullAccess",
            "role": "bedrock-agent-role-stable"
          },
          "sensitive_attributes": [],
          "identity_schema_version": 0,
          "identity": {
            "account_id": "261219435789",
            "policy_arn": "arn:aws:iam::aws:policy/AmazonBedrockFullAccess",
            "role": "bedrock-agent-role-stable"
          },
          "private": "bnVsbA==",
          "dependencies": [
            "aws_iam_role.bedrock_agent_role"
          ]
        }
      ]
    },
    {
      "mode": "managed",
      "type": "aws_iam_role_policy_attachment",
      "name": "bedrock_execution_policy_limited_access",
      "provider": "provider[\"registry.terraform.io/hashicorp/aws\"]",
      "instances": [
        {
          "schema_version": 0,
          "attributes": {
            "id": "bedrock-execution-role-stable/arn:aws:iam::aws:policy/AmazonBedrockFullAccess",
            "policy_arn": "arn:aws:iam::aws:policy/AmazonBedrockFullAccess",
            "role": "bedrock-execution-role-stable"
          },
          "sensitive_attributes": [],
          "identity_schema_version": 0,
          "identity": {
            "account_id": "261219435789",
            "policy_arn": "arn:aws:iam::aws:policy/AmazonBedrockFullAccess",
            "role": "bedrock-execution-role-stable"
          },
          "private": "bnVsbA==",
          "dependencies": [
            "aws_iam_role.bedrock_execution_role"
          ]
        }
      ]
    },
    {
      "mode": "managed",
      "type": "aws_iam_role_policy_attachment",
      "name": "frontend_app_ecr_role_ecr",
      "provider": "provider[\"registry.terraform.io/hashicorp/aws\"]",
      "instances": [
        {
          "schema_version": 0,
          "attributes": {
            "id": "gds-eligability-frontend-app-ecr-stable/arn:aws:iam::aws:policy/service-role/AWSAppRunnerServicePolicyForECRAccess",
            "policy_arn": "arn:aws:iam::aws:policy/service-role/AWSAppRunnerServicePolicyForECRAccess",
            "role": "gds-eligability-frontend-app-ecr-stable"
          },
          "sensitive_attributes": [],
          "identity_schema_version": 0,
          "identity": {
            "account_id": "261219435789",
            "policy_arn": "arn:aws:iam::aws:policy/service-role/AWSAppRunnerServicePolicyForECRAccess",
            "role": "gds-eligability-frontend-app-ecr-stable"
          },
          "private": "bnVsbA==",
          "dependencies": [
            "aws_iam_role.frontend_app_ecr"
          ]
        }
      ]
    },
    {
      "mode": "managed",
      "type": "aws_iam_role_policy_attachment",
      "name": "frontend_app_service_apprunner",
      "provider": "provider[\"registry.terraform.io/hashicorp/aws\"]",
      "instances": [
        {
          "schema_version": 0,
          "attributes": {
            "id": "gds-eligability-frontend-app-service-stable/arn:aws:iam::aws:policy/AWSAppRunnerFullAccess",
            "policy_arn": "arn:aws:iam::aws:policy/AWSAppRunnerFullAccess",
            "role": "gds-eligability-frontend-app-service-stable"
          },
          "sensitive_attributes": [],
          "identity_schema_version": 0,
          "identity": {
            "account_id": "261219435789",
            "policy_arn": "arn:aws:iam::aws:policy/AWSAppRunnerFullAccess",
            "role": "gds-eligability-frontend-app-service-stable"
          },
          "private": "bnVsbA==",
          "dependencies": [
            "aws_iam_role.frontend_app_service"
          ]
        }
      ]
    }
  ],
  "check_results": null
}
