{
  "version": 4,
  "terraform_version": "1.13.4",
  "serial": 38,
  "lineage": "6f58d66c-17e6-3e22-86bc-6c30da36c171",
  "outputs": {},
  "resources": [
    {
      "mode": "data",
      "type": "aws_ecr_image",
      "name": "frontend_app",
      "provider": "provider[\"registry.terraform.io/hashicorp/aws\"]",
      "instances": [
        {
          "schema_version": 0,
          "attributes": {
            "id": "sha256:0ce111f47affb21af59c981300404ed419ccf53660b59879e1cf9fd6d640eeb4",
            "image_digest": "sha256:0ce111f47affb21af59c981300404ed419ccf53660b59879e1cf9fd6d640eeb4",
            "image_pushed_at": 1761739494,
            "image_size_in_bytes": 67159643,
            "image_tag": "stable",
            "image_tags": [
              "stable",
              "unstable"
            ],
            "image_uri": "261219435789.dkr.ecr.eu-west-2.amazonaws.com/gds-eligability-frontend-repo@sha256:0ce111f47affb21af59c981300404ed419ccf53660b59879e1cf9fd6d640eeb4",
            "most_recent": null,
            "region": "eu-west-2",
            "registry_id": "261219435789",
            "repository_name": "gds-eligability-frontend-repo"
          },
          "sensitive_attributes": [],
          "identity_schema_version": 0
        }
      ]
    },
    {
      "mode": "managed",
      "type": "aws_bedrockagent_agent",
      "name": "eligability_agent",
      "provider": "provider[\"registry.terraform.io/hashicorp/aws\"]",
      "instances": [
        {
          "schema_version": 0,
          "attributes": {
            "agent_arn": "arn:aws:bedrock:eu-west-2:261219435789:agent/5HV2IEYNJA",
            "agent_collaboration": "DISABLED",
            "agent_id": "5HV2IEYNJA",
            "agent_name": "gds_eligability_terraform_sandbox_eligability_agent-stable",
            "agent_resource_role_arn": "arn:aws:iam::261219435789:role/bedrock-agent-role-stable",
            "agent_version": null,
            "customer_encryption_key_arn": null,
            "description": null,
            "foundation_model": "amazon.nova-lite-v1:0",
            "guardrail_configuration": null,
            "id": "5HV2IEYNJA",
            "idle_session_ttl_in_seconds": 600,
            "instruction": "\u003ccontext\u003e\nYou are tasked with assessing whether the person you are in conversation with is\neligable for one or more benefits.\n\u003crules\u003e\n* You can ask the person as many questions as are needed to\nassess their eligability, but must only ask one question at a ti:me.\n* Don't provide links.\n* Always be polite\n* Only ask questions relating to the person you are talking to\n\u003c/rules\u003e\n\nYou must only use the links provided in this context block to understand the criteria for eligability.\n\nThese benefits, are:\n* Blue Badge: https://www.gov.uk/government/publications/blue-badge-can-i-get-one/can-i-get-a-blue-badge\n\u003c/context\u003e\n",
            "memory_configuration": null,
            "prepare_agent": true,
            "prepared_at": "2025-10-29T11:34:24Z",
            "prompt_override_configuration": [
              {
                "override_lambda": null,
                "prompt_configurations": null
              }
            ],
            "region": "eu-west-2",
            "skip_resource_in_use_check": false,
            "tags": null,
            "tags_all": {},
            "timeouts": null
          },
          "sensitive_attributes": [],
          "identity_schema_version": 0,
          "dependencies": [
            "aws_iam_role.bedrock_agent_role"
          ]
        }
      ]
    },
    {
      "mode": "managed",
      "type": "aws_bedrockagent_agent_alias",
      "name": "eligability_alias_for_prompts",
      "provider": "provider[\"registry.terraform.io/hashicorp/aws\"]",
      "instances": [
        {
          "schema_version": 0,
          "attributes": {
            "agent_alias_arn": "arn:aws:bedrock:eu-west-2:261219435789:agent-alias/5HV2IEYNJA/3PSHCSGEYL",
            "agent_alias_id": "3PSHCSGEYL",
            "agent_alias_name": "eligability-alias-for-prompts-stable",
            "agent_id": "5HV2IEYNJA",
            "description": "Alias to allow linkage between eligability agent and prompts",
            "id": "3PSHCSGEYL,5HV2IEYNJA",
            "region": "eu-west-2",
            "routing_configuration": [
              {
                "agent_version": "1",
                "provisioned_throughput": null
              }
            ],
            "tags": null,
            "tags_all": {},
            "timeouts": null
          },
          "sensitive_attributes": [],
          "identity_schema_version": 0,
          "dependencies": [
            "aws_bedrockagent_agent.eligability_agent",
            "aws_iam_role.bedrock_agent_role"
          ]
        }
      ]
    },
    {
      "mode": "managed",
      "type": "aws_bedrockagent_flow",
      "name": "triage",
      "provider": "provider[\"registry.terraform.io/hashicorp/aws\"]",
      "instances": [
        {
          "schema_version": 0,
          "attributes": {
            "arn": "arn:aws:bedrock:eu-west-2:261219435789:flow/RU8U3PTJF8",
            "created_at": "2025-10-27T13:30:34Z",
            "customer_encryption_key_arn": null,
            "definition": [
              {
                "connection": [
                  {
                    "configuration": [
                      {
                        "conditional": [],
                        "data": [
                          {
                            "source_output": "document",
                            "target_input": "agentInputText"
                          }
                        ]
                      }
                    ],
                    "name": "FlowInputNodeFlowInputNode0ToAgent_1PromptsNode0",
                    "source": "FlowInputNode",
                    "target": "Triage",
                    "type": "Data"
                  },
                  {
                    "configuration": [
                      {
                        "conditional": [],
                        "data": [
                          {
                            "source_output": "agentResponse",
                            "target_input": "document"
                          }
                        ]
                      }
                    ],
                    "name": "Agent_1PromptsNode0ToFlowOutputNodeFlowOutputNode0",
                    "source": "Triage",
                    "target": "FlowOutputNode",
                    "type": "Data"
                  }
                ],
                "node": [
                  {
                    "configuration": [
                      {
                        "agent": [],
                        "collector": [],
                        "condition": [],
                        "inline_code": [],
                        "input": [
                          {}
                        ],
                        "iterator": [],
                        "knowledge_base": [],
                        "lambda_function": [],
                        "lex": [],
                        "output": [],
                        "prompt": [],
                        "retrieval": [],
                        "storage": []
                      }
                    ],
                    "input": [],
                    "name": "FlowInputNode",
                    "output": [
                      {
                        "name": "document",
                        "type": "String"
                      }
                    ],
                    "type": "Input"
                  },
                  {
                    "configuration": [
                      {
                        "agent": [
                          {
                            "agent_alias_arn": "arn:aws:bedrock:eu-west-2:261219435789:agent-alias/5HV2IEYNJA/3PSHCSGEYL"
                          }
                        ],
                        "collector": [],
                        "condition": [],
                        "inline_code": [],
                        "input": [],
                        "iterator": [],
                        "knowledge_base": [],
                        "lambda_function": [],
                        "lex": [],
                        "output": [],
                        "prompt": [],
                        "retrieval": [],
                        "storage": []
                      }
                    ],
                    "input": [
                      {
                        "category": null,
                        "expression": "$.data",
                        "name": "agentInputText",
                        "type": "String"
                      },
                      {
                        "category": null,
                        "expression": "$.data",
                        "name": "promptAttributes",
                        "type": "Object"
                      },
                      {
                        "category": null,
                        "expression": "$.data",
                        "name": "sessionAttributes",
                        "type": "Object"
                      }
                    ],
                    "name": "Triage",
                    "output": [
                      {
                        "name": "agentResponse",
                        "type": "String"
                      }
                    ],
                    "type": "Agent"
                  },
                  {
                    "configuration": [
                      {
                        "agent": [],
                        "collector": [],
                        "condition": [],
                        "inline_code": [],
                        "input": [],
                        "iterator": [],
                        "knowledge_base": [],
                        "lambda_function": [],
                        "lex": [],
                        "output": [
                          {}
                        ],
                        "prompt": [],
                        "retrieval": [],
                        "storage": []
                      }
                    ],
                    "input": [
                      {
                        "category": null,
                        "expression": "$.data",
                        "name": "document",
                        "type": "String"
                      }
                    ],
                    "name": "FlowOutputNode",
                    "output": [],
                    "type": "Output"
                  }
                ]
              }
            ],
            "description": null,
            "execution_role_arn": "arn:aws:iam::261219435789:role/bedrock-execution-role-stable",
            "id": "RU8U3PTJF8",
            "name": "triage-flow-stable",
            "region": "eu-west-2",
            "status": "Prepared",
            "tags": null,
            "tags_all": {},
            "timeouts": null,
            "updated_at": "2025-10-28T11:57:30Z",
            "version": "DRAFT"
          },
          "sensitive_attributes": [],
          "identity_schema_version": 0,
          "dependencies": [
            "aws_bedrockagent_agent.eligability_agent",
            "aws_bedrockagent_agent_alias.eligability_alias_for_prompts",
            "aws_iam_role.bedrock_agent_role",
            "aws_iam_role.bedrock_execution_role"
          ]
        }
      ]
    },
    {
      "mode": "managed",
      "type": "aws_ecr_repository",
      "name": "frontend_app",
      "provider": "provider[\"registry.terraform.io/hashicorp/aws\"]",
      "instances": [
        {
          "index_key": 0,
          "schema_version": 0,
          "attributes": {
            "arn": "arn:aws:ecr:eu-west-2:261219435789:repository/gds-eligability-frontend-repo",
            "encryption_configuration": [
              {
                "encryption_type": "AES256",
                "kms_key": ""
              }
            ],
            "force_delete": null,
            "id": "gds-eligability-frontend-repo",
            "image_scanning_configuration": [
              {
                "scan_on_push": false
              }
            ],
            "image_tag_mutability": "MUTABLE",
            "image_tag_mutability_exclusion_filter": [],
            "name": "gds-eligability-frontend-repo",
            "region": "eu-west-2",
            "registry_id": "261219435789",
            "repository_url": "261219435789.dkr.ecr.eu-west-2.amazonaws.com/gds-eligability-frontend-repo",
            "tags": {},
            "tags_all": {},
            "timeouts": null
          },
          "sensitive_attributes": [],
          "identity_schema_version": 0,
          "identity": {
            "account_id": "261219435789",
            "name": "gds-eligability-frontend-repo",
            "region": "eu-west-2"
          },
          "private": "eyJlMmJmYjczMC1lY2FhLTExZTYtOGY4OC0zNDM2M2JjN2M0YzAiOnsiZGVsZXRlIjoxMjAwMDAwMDAwMDAwfX0="
        }
      ]
    },
    {
      "mode": "managed",
      "type": "aws_iam_role",
      "name": "bedrock_agent_role",
      "provider": "provider[\"registry.terraform.io/hashicorp/aws\"]",
      "instances": [
        {
          "schema_version": 0,
          "attributes": {
            "arn": "arn:aws:iam::261219435789:role/bedrock-agent-role-stable",
            "assume_role_policy": "{\"Statement\":[{\"Action\":\"sts:AssumeRole\",\"Effect\":\"Allow\",\"Principal\":{\"Service\":\"bedrock.amazonaws.com\"}}],\"Version\":\"2012-10-17\"}",
            "create_date": "2025-10-27T13:30:22Z",
            "description": "",
            "force_detach_policies": false,
            "id": "bedrock-agent-role-stable",
            "inline_policy": [],
            "managed_policy_arns": [
              "arn:aws:iam::aws:policy/AmazonBedrockFullAccess"
            ],
            "max_session_duration": 3600,
            "name": "bedrock-agent-role-stable",
            "name_prefix": "",
            "path": "/",
            "permissions_boundary": "",
            "tags": {},
            "tags_all": {},
            "unique_id": "AROATZUPEIUG7OHNOEI3B"
          },
          "sensitive_attributes": [],
          "identity_schema_version": 0,
          "identity": {
            "account_id": "261219435789",
            "name": "bedrock-agent-role-stable"
          },
          "private": "bnVsbA=="
        }
      ]
    },
    {
      "mode": "managed",
      "type": "aws_iam_role",
      "name": "bedrock_execution_role",
      "provider": "provider[\"registry.terraform.io/hashicorp/aws\"]",
      "instances": [
        {
          "schema_version": 0,
          "attributes": {
            "arn": "arn:aws:iam::261219435789:role/bedrock-execution-role-stable",
            "assume_role_policy": "{\"Statement\":[{\"Action\":\"sts:AssumeRole\",\"Effect\":\"Allow\",\"Principal\":{\"Service\":\"bedrock.amazonaws.com\"}}],\"Version\":\"2012-10-17\"}",
            "create_date": "2025-10-27T13:30:23Z",
            "description": "",
            "force_detach_policies": false,
            "id": "bedrock-execution-role-stable",
            "inline_policy": [
              {
                "name": "bedrock-execution-policy-stable",
                "policy": "{\"Version\":\"2012-10-17\",\"Statement\":[{\"Action\":[\"bedrock:InvokeAgent\"],\"Effect\":\"Allow\",\"Resource\":\"*\"}]}"
              }
            ],
            "managed_policy_arns": [
              "arn:aws:iam::aws:policy/AmazonBedrockFullAccess"
            ],
            "max_session_duration": 3600,
            "name": "bedrock-execution-role-stable",
            "name_prefix": "",
            "path": "/",
            "permissions_boundary": "",
            "tags": {},
            "tags_all": {},
            "unique_id": "AROATZUPEIUGZPROCZ7N7"
          },
          "sensitive_attributes": [],
          "identity_schema_version": 0,
          "identity": {
            "account_id": "261219435789",
            "name": "bedrock-execution-role-stable"
          },
          "private": "bnVsbA=="
        }
      ]
    },
    {
      "mode": "managed",
      "type": "aws_iam_role",
      "name": "frontend_app_service",
      "provider": "provider[\"registry.terraform.io/hashicorp/aws\"]",
      "instances": [
        {
          "schema_version": 0,
          "attributes": {
            "arn": "arn:aws:iam::261219435789:role/gds-eligability-frontend-app-service-stable",
            "assume_role_policy": "{\"Statement\":[{\"Action\":\"sts:AssumeRole\",\"Effect\":\"Allow\",\"Principal\":{\"Service\":\"apprunner.amazonaws.com\"}}],\"Version\":\"2012-10-17\"}",
            "create_date": "2025-10-29T12:10:28Z",
            "description": "",
            "force_detach_policies": false,
            "id": "gds-eligability-frontend-app-service-stable",
            "inline_policy": [],
            "managed_policy_arns": [
              "arn:aws:iam::aws:policy/AWSAppRunnerFullAccess",
              "arn:aws:iam::aws:policy/service-role/AWSAppRunnerServicePolicyForECRAccess"
            ],
            "max_session_duration": 3600,
            "name": "gds-eligability-frontend-app-service-stable",
            "name_prefix": "",
            "path": "/",
            "permissions_boundary": "",
            "tags": {},
            "tags_all": {},
            "unique_id": "AROATZUPEIUG7WHWXG5TS"
          },
          "sensitive_attributes": [],
          "identity_schema_version": 0,
          "identity": {
            "account_id": "261219435789",
            "name": "gds-eligability-frontend-app-service-stable"
          },
          "private": "bnVsbA=="
        }
      ]
    },
    {
      "mode": "managed",
      "type": "aws_iam_role_policy",
      "name": "bedrock_execution_policy",
      "provider": "provider[\"registry.terraform.io/hashicorp/aws\"]",
      "instances": [
        {
          "schema_version": 0,
          "attributes": {
            "id": "bedrock-execution-role-stable:bedrock-execution-policy-stable",
            "name": "bedrock-execution-policy-stable",
            "name_prefix": "",
            "policy": "{\"Version\":\"2012-10-17\",\"Statement\":[{\"Action\":[\"bedrock:InvokeAgent\"],\"Effect\":\"Allow\",\"Resource\":\"*\"}]}",
            "role": "bedrock-execution-role-stable"
          },
          "sensitive_attributes": [],
          "identity_schema_version": 0,
          "identity": {
            "account_id": "261219435789",
            "name": "bedrock-execution-policy-stable",
            "role": "bedrock-execution-role-stable"
          },
          "private": "bnVsbA==",
          "dependencies": [
            "aws_iam_role.bedrock_execution_role"
          ]
        }
      ]
    },
    {
      "mode": "managed",
      "type": "aws_iam_role_policy_attachment",
      "name": "bedrock_agent_policy_limited_access",
      "provider": "provider[\"registry.terraform.io/hashicorp/aws\"]",
      "instances": [
        {
          "schema_version": 0,
          "attributes": {
            "id": "bedrock-agent-role-stable/arn:aws:iam::aws:policy/AmazonBedrockFullAccess",
            "policy_arn": "arn:aws:iam::aws:policy/AmazonBedrockFullAccess",
            "role": "bedrock-agent-role-stable"
          },
          "sensitive_attributes": [],
          "identity_schema_version": 0,
          "identity": {
            "account_id": "261219435789",
            "policy_arn": "arn:aws:iam::aws:policy/AmazonBedrockFullAccess",
            "role": "bedrock-agent-role-stable"
          },
          "private": "bnVsbA==",
          "dependencies": [
            "aws_iam_role.bedrock_agent_role"
          ]
        }
      ]
    },
    {
      "mode": "managed",
      "type": "aws_iam_role_policy_attachment",
      "name": "bedrock_execution_policy_limited_access",
      "provider": "provider[\"registry.terraform.io/hashicorp/aws\"]",
      "instances": [
        {
          "schema_version": 0,
          "attributes": {
            "id": "bedrock-execution-role-stable/arn:aws:iam::aws:policy/AmazonBedrockFullAccess",
            "policy_arn": "arn:aws:iam::aws:policy/AmazonBedrockFullAccess",
            "role": "bedrock-execution-role-stable"
          },
          "sensitive_attributes": [],
          "identity_schema_version": 0,
          "identity": {
            "account_id": "261219435789",
            "policy_arn": "arn:aws:iam::aws:policy/AmazonBedrockFullAccess",
            "role": "bedrock-execution-role-stable"
          },
          "private": "bnVsbA==",
          "dependencies": [
            "aws_iam_role.bedrock_execution_role"
          ]
        }
      ]
    },
    {
      "mode": "managed",
      "type": "aws_iam_role_policy_attachment",
      "name": "frontend_app_service_apprunner",
      "provider": "provider[\"registry.terraform.io/hashicorp/aws\"]",
      "instances": [
        {
          "schema_version": 0,
          "attributes": {
            "id": "gds-eligability-frontend-app-service-stable/arn:aws:iam::aws:policy/AWSAppRunnerFullAccess",
            "policy_arn": "arn:aws:iam::aws:policy/AWSAppRunnerFullAccess",
            "role": "gds-eligability-frontend-app-service-stable"
          },
          "sensitive_attributes": [],
          "identity_schema_version": 0,
          "identity": {
            "account_id": "261219435789",
            "policy_arn": "arn:aws:iam::aws:policy/AWSAppRunnerFullAccess",
            "role": "gds-eligability-frontend-app-service-stable"
          },
          "private": "bnVsbA==",
          "dependencies": [
            "aws_iam_role.frontend_app_service"
          ]
        }
      ]
    },
    {
      "mode": "managed",
      "type": "aws_iam_role_policy_attachment",
      "name": "frontend_app_service_ecr",
      "provider": "provider[\"registry.terraform.io/hashicorp/aws\"]",
      "instances": [
        {
          "schema_version": 0,
          "attributes": {
            "id": "gds-eligability-frontend-app-service-stable/arn:aws:iam::aws:policy/service-role/AWSAppRunnerServicePolicyForECRAccess",
            "policy_arn": "arn:aws:iam::aws:policy/service-role/AWSAppRunnerServicePolicyForECRAccess",
            "role": "gds-eligability-frontend-app-service-stable"
          },
          "sensitive_attributes": [],
          "identity_schema_version": 0,
          "identity": {
            "account_id": "261219435789",
            "policy_arn": "arn:aws:iam::aws:policy/service-role/AWSAppRunnerServicePolicyForECRAccess",
            "role": "gds-eligability-frontend-app-service-stable"
          },
          "private": "bnVsbA==",
          "dependencies": [
            "aws_iam_role.frontend_app_service"
          ]
        }
      ]
    }
  ],
  "check_results": null
}
